<?xml version="1.0" encoding="utf-8"?>
<Project ToolsVersion="4.0" xmlns="http://schemas.microsoft.com/developer/msbuild/2003">
  <ItemGroup>
    <Filter Include="Source Files">
      <UniqueIdentifier>{4FC737F1-C7A5-4376-A066-2A32D752A2FF}</UniqueIdentifier>
      <Extensions>cpp;c;cc;cxx;c++;cppm;ixx;def;odl;idl;hpj;bat;asm;asmx</Extensions>
    </Filter>
    <Filter Include="Header Files">
      <UniqueIdentifier>{93995380-89BD-4b04-88EB-625FBE52EBFB}</UniqueIdentifier>
      <Extensions>h;hh;hpp;hxx;h++;hm;inl;inc;ipp;xsd</Extensions>
    </Filter>
    <Filter Include="Resource Files">
      <UniqueIdentifier>{67DA6AB6-F800-4c08-8B7A-83BB121AAD01}</UniqueIdentifier>
      <Extensions>rc;ico;cur;bmp;dlg;rc2;rct;bin;rgs;gif;jpg;jpeg;jpe;resx;tiff;tif;png;wav;mfcribbon-ms</Extensions>
    </Filter>
    <Filter Include="Header Files\ui">
      <UniqueIdentifier>{57bdc717-a353-46b9-bf85-26f9f4761d5b}</UniqueIdentifier>
    </Filter>
    <Filter Include="Header Files\anim">
      <UniqueIdentifier>{3b9bc513-d488-48d1-8da3-09e7a19169e4}</UniqueIdentifier>
    </Filter>
    <Filter Include="Header Files\localization">
      <UniqueIdentifier>{f97f5a19-1843-4f8b-9eef-6b1cd3f802ed}</UniqueIdentifier>
    </Filter>
    <Filter Include="Source Files\anim">
      <UniqueIdentifier>{cb9c0a7f-b4ff-4a8b-aa05-206e39245bc2}</UniqueIdentifier>
    </Filter>
    <Filter Include="Source Files\localization">
      <UniqueIdentifier>{8b67e511-034d-4a98-a058-e574b724c7c7}</UniqueIdentifier>
    </Filter>
    <Filter Include="Source Files\ui">
      <UniqueIdentifier>{61e70168-0a35-46bb-bedc-0dcaa937c4d5}</UniqueIdentifier>
    </Filter>
    <Filter Include="Resource Files\assets">
      <UniqueIdentifier>{cc34aa74-3825-49e8-b34d-c4474dd6e368}</UniqueIdentifier>
    </Filter>
    <Filter Include="Resource Files\dev">
      <UniqueIdentifier>{edb587f9-6082-49fe-8e3d-a91817cf7c76}</UniqueIdentifier>
    </Filter>
    <Filter Include="Resource Files\docs">
      <UniqueIdentifier>{81e44df2-1dcb-42ef-afdd-0897aaf1bc17}</UniqueIdentifier>
    </Filter>
    <Filter Include="Header Files\game">
      <UniqueIdentifier>{244e294c-7b55-42d9-b540-42abed72fbc4}</UniqueIdentifier>
    </Filter>
    <Filter Include="Source Files\game">
      <UniqueIdentifier>{c1dfb15e-e0fd-40e4-bf47-f9d9ae0f398b}</UniqueIdentifier>
    </Filter>
    <Filter Include="Header Files\game\values">
      <UniqueIdentifier>{203a0a7b-3e59-4ef4-b792-2b91447fa251}</UniqueIdentifier>
    </Filter>
    <Filter Include="Source Files\game\values">
      <UniqueIdentifier>{332523dd-17f3-4fa1-b6ca-22ca5b4f6f6a}</UniqueIdentifier>
    </Filter>
    <Filter Include="Header Files\game\draw">
      <UniqueIdentifier>{c883f9bc-7acb-4536-941e-a65046d77859}</UniqueIdentifier>
    </Filter>
    <Filter Include="Source Files\game\draw">
      <UniqueIdentifier>{60369e22-b071-45b8-8a0d-eeba03831485}</UniqueIdentifier>
    </Filter>
    <Filter Include="Source Files\game\ui">
      <UniqueIdentifier>{f1c2e8fb-a633-414b-b377-0b56ae5fa3fa}</UniqueIdentifier>
    </Filter>
    <Filter Include="Header Files\game\ui">
      <UniqueIdentifier>{9a12b026-44be-4e07-af7b-c071a0377a68}</UniqueIdentifier>
    </Filter>
    <Filter Include="Header Files\templated">
      <UniqueIdentifier>{102dbeb9-213f-439b-9480-b50631bb6d94}</UniqueIdentifier>
    </Filter>
    <Filter Include="Source Files\game\map">
      <UniqueIdentifier>{fd4bacd9-d61d-4680-8460-db28f22ed42e}</UniqueIdentifier>
    </Filter>
    <Filter Include="Header Files\game\map">
      <UniqueIdentifier>{c51073a2-ee8f-40ef-b569-594562f5e4df}</UniqueIdentifier>
    </Filter>
    <Filter Include="Header Files\game\logic">
      <UniqueIdentifier>{df3d7d99-7f34-43a7-a818-b366e0c1cf9e}</UniqueIdentifier>
    </Filter>
    <Filter Include="Source Files\game\logic">
      <UniqueIdentifier>{493a83c8-4463-495d-8c18-f18af3205a96}</UniqueIdentifier>
    </Filter>
    <Filter Include="Header Files\game\moves">
      <UniqueIdentifier>{2fb5033c-d53b-4124-ab1f-7be35720d2b8}</UniqueIdentifier>
    </Filter>
    <Filter Include="Source Files\game\moves">
      <UniqueIdentifier>{bb4ca6bf-60f3-4a66-8837-a53b8752d5ef}</UniqueIdentifier>
    </Filter>
    <Filter Include="Source Files\game\logic\lists">
      <UniqueIdentifier>{89910916-689a-4584-825c-3d7ee1577437}</UniqueIdentifier>
    </Filter>
    <Filter Include="Header Files\game\dev">
      <UniqueIdentifier>{077bee16-d0b9-4636-8992-d67997f9445c}</UniqueIdentifier>
    </Filter>
    <Filter Include="Source Files\game\dev">
      <UniqueIdentifier>{2758b7f7-ffc1-4937-a00a-c6efca7f30bb}</UniqueIdentifier>
    </Filter>
  </ItemGroup>
  <ItemGroup>
    <ClCompile Include="src\main.cpp">
      <Filter>Source Files</Filter>
    </ClCompile>
    <ClCompile Include="src\assetload.cpp">
      <Filter>Source Files</Filter>
    </ClCompile>
    <ClCompile Include="src\ui\anim\base.cpp">
      <Filter>Source Files\anim</Filter>
    </ClCompile>
    <ClCompile Include="src\ui\anim\easing.cpp">
      <Filter>Source Files\anim</Filter>
    </ClCompile>
    <ClCompile Include="src\ui\buffer.cpp">
      <Filter>Source Files\ui</Filter>
    </ClCompile>
    <ClCompile Include="src\ui\element.cpp">
      <Filter>Source Files\ui</Filter>
    </ClCompile>
    <ClCompile Include="src\ui\layer.cpp">
      <Filter>Source Files\ui</Filter>
    </ClCompile>
    <ClCompile Include="src\ui\panel.cpp">
      <Filter>Source Files\ui</Filter>
    </ClCompile>
    <ClCompile Include="src\ui\solid.cpp">
      <Filter>Source Files\ui</Filter>
    </ClCompile>
    <ClCompile Include="src\ui\text.cpp">
      <Filter>Source Files\ui</Filter>
    </ClCompile>
    <ClCompile Include="src\ui\anim\timer.cpp">
      <Filter>Source Files\anim</Filter>
    </ClCompile>
    <ClCompile Include="src\localization\error.cpp">
      <Filter>Source Files\localization</Filter>
    </ClCompile>
    <ClCompile Include="src\localization\parser.cpp">
      <Filter>Source Files\localization</Filter>
    </ClCompile>
    <ClCompile Include="src\localization\token.cpp">
      <Filter>Source Files\localization</Filter>
    </ClCompile>
    <ClCompile Include="src\ui\units.cpp">
      <Filter>Source Files\ui</Filter>
    </ClCompile>
    <ClCompile Include="src\ui\image.cpp">
      <Filter>Source Files\ui</Filter>
    </ClCompile>
    <ClCompile Include="src\game\hex.cpp">
      <Filter>Source Files\game</Filter>
    </ClCompile>
    <ClCompile Include="src\game\build.cpp">
      <Filter>Source Files\game</Filter>
    </ClCompile>
    <ClCompile Include="src\game\plant.cpp">
      <Filter>Source Files\game</Filter>
    </ClCompile>
    <ClCompile Include="src\game\troop.cpp">
      <Filter>Source Files\game</Filter>
    </ClCompile>
    <ClCompile Include="src\ui\pages.cpp">
      <Filter>Source Files</Filter>
    </ClCompile>
    <ClCompile Include="src\ui\input.cpp">
      <Filter>Source Files\ui</Filter>
    </ClCompile>
    <ClCompile Include="src\assets.cpp">
      <Filter>Source Files</Filter>
    </ClCompile>
    <ClCompile Include="src\game\draw.cpp">
      <Filter>Source Files\game</Filter>
    </ClCompile>
    <ClCompile Include="src\game\values\troop_values.cpp">
      <Filter>Source Files\game\values</Filter>
    </ClCompile>
    <ClCompile Include="src\game\values\build_values.cpp">
      <Filter>Source Files\game\values</Filter>
    </ClCompile>
    <ClCompile Include="src\game\values\hex_values.cpp">
      <Filter>Source Files\game\values</Filter>
    </ClCompile>
    <ClCompile Include="src\game\values\plant_values.cpp">
      <Filter>Source Files\game\values</Filter>
    </ClCompile>
    <ClCompile Include="src\game\values\shared.cpp">
      <Filter>Source Files\game\values</Filter>
    </ClCompile>
    <ClCompile Include="src\game\draw\troop_draw.cpp">
      <Filter>Source Files\game\draw</Filter>
    </ClCompile>
    <ClCompile Include="src\game\draw\build_draw.cpp">
      <Filter>Source Files\game\draw</Filter>
    </ClCompile>
    <ClCompile Include="src\game\draw\hex_draw.cpp">
      <Filter>Source Files\game\draw</Filter>
    </ClCompile>
    <ClCompile Include="src\game\draw\plant_draw.cpp">
      <Filter>Source Files\game\draw</Filter>
    </ClCompile>
    <ClCompile Include="src\ui\drag.cpp">
      <Filter>Source Files\ui</Filter>
    </ClCompile>
    <ClCompile Include="src\ui\window.cpp">
      <Filter>Source Files\ui</Filter>
    </ClCompile>
    <ClCompile Include="src\mathext.cpp">
      <Filter>Source Files</Filter>
    </ClCompile>
    <ClCompile Include="src\ui\camera.cpp">
      <Filter>Source Files\ui</Filter>
    </ClCompile>
    <ClCompile Include="src\game\ui\game_panel.cpp">
      <Filter>Source Files\game\ui</Filter>
    </ClCompile>
    <ClCompile Include="src\game\ui\resource_bar.cpp">
      <Filter>Source Files\game\ui</Filter>
    </ClCompile>
    <ClCompile Include="src\game\game.cpp">
      <Filter>Source Files\game</Filter>
    </ClCompile>
    <ClCompile Include="src\game\ui\action_button.cpp">
      <Filter>Source Files\game\ui</Filter>
    </ClCompile>
    <ClCompile Include="src\game\values\interface.cpp">
      <Filter>Source Files\game\values</Filter>
    </ClCompile>
    <ClCompile Include="src\flags.cpp">
      <Filter>Source Files</Filter>
    </ClCompile>
    <ClCompile Include="src\game\array.cpp">
      <Filter>Source Files\game\map</Filter>
    </ClCompile>
    <ClCompile Include="src\game\region.cpp">
      <Filter>Source Files\game\map</Filter>
    </ClCompile>
    <ClCompile Include="src\game\spread.cpp">
      <Filter>Source Files\game\map</Filter>
    </ClCompile>
    <ClCompile Include="src\game\map.cpp">
      <Filter>Source Files\game\map</Filter>
    </ClCompile>
    <ClCompile Include="src\game\ui\hex_preview.cpp">
      <Filter>Source Files\game\ui</Filter>
    </ClCompile>
    <ClCompile Include="src\game\skill.cpp">
      <Filter>Source Files\game</Filter>
    </ClCompile>
    <ClCompile Include="src\game\values\skill_values.cpp">
      <Filter>Source Files\game\values</Filter>
    </ClCompile>
    <ClCompile Include="src\game\logic\build_logic.cpp">
      <Filter>Source Files\game\logic</Filter>
    </ClCompile>
    <ClCompile Include="src\game\logic\plant_logic.cpp">
      <Filter>Source Files\game\logic</Filter>
    </ClCompile>
    <ClCompile Include="src\game\logic\troop_logic.cpp">
      <Filter>Source Files\game\logic</Filter>
    </ClCompile>
    <ClCompile Include="src\game\logic\skill_helper.cpp">
      <Filter>Source Files\game\logic</Filter>
    </ClCompile>
    <ClCompile Include="src\game\draw\entity_draw.cpp">
      <Filter>Source Files\game\draw</Filter>
    </ClCompile>
    <ClCompile Include="src\game\values\entity_values.cpp">
      <Filter>Source Files\game\values</Filter>
    </ClCompile>
    <ClCompile Include="src\game\entity.cpp">
      <Filter>Source Files\game</Filter>
    </ClCompile>
    <ClCompile Include="src\ui\align.cpp">
      <Filter>Source Files\ui</Filter>
    </ClCompile>
    <ClCompile Include="src\ui\textfield.cpp">
      <Filter>Source Files\ui</Filter>
    </ClCompile>
    <ClCompile Include="src\ui\anim\setter.cpp">
      <Filter>Source Files\anim</Filter>
    </ClCompile>
    <ClCompile Include="src\game\history.cpp">
      <Filter>Source Files\game</Filter>
    </ClCompile>
    <ClCompile Include="src\game\moves\troop_move.cpp">
      <Filter>Source Files\game\moves</Filter>
    </ClCompile>
    <ClCompile Include="src\game\logic\lists\skill_list_attack.cpp">
      <Filter>Source Files\game\logic\lists</Filter>
    </ClCompile>
    <ClCompile Include="src\game\logic\lists\skill_list_effect.cpp">
      <Filter>Source Files\game\logic\lists</Filter>
    </ClCompile>
    <ClCompile Include="src\game\logic\lists\skill_list_other.cpp">
      <Filter>Source Files\game\logic\lists</Filter>
    </ClCompile>
    <ClCompile Include="src\game\logic\lists\skill_list_shop.cpp">
      <Filter>Source Files\game\logic\lists</Filter>
    </ClCompile>
    <ClCompile Include="src\game\moves\entity_effect.cpp">
      <Filter>Source Files\game\moves</Filter>
    </ClCompile>
    <ClCompile Include="src\game\moves\move.cpp">
      <Filter>Source Files\game\moves</Filter>
    </ClCompile>
    <ClCompile Include="src\game\ui\move_selector.cpp">
      <Filter>Source Files\game\ui</Filter>
    </ClCompile>
    <ClCompile Include="src\ui\button.cpp">
      <Filter>Source Files\ui</Filter>
    </ClCompile>
    <ClCompile Include="src\game\moves\entity_withdraw.cpp">
      <Filter>Source Files\game\moves</Filter>
    </ClCompile>
    <ClCompile Include="src\game\dev\dev_panel.cpp">
      <Filter>Source Files\game\dev</Filter>
    </ClCompile>
    <ClCompile Include="src\game\dev\dev_game.cpp">
      <Filter>Source Files\game\dev</Filter>
    </ClCompile>
    <ClCompile Include="src\game\dev\dev_move.cpp">
      <Filter>Source Files\game\dev</Filter>
    </ClCompile>
  </ItemGroup>
  <ItemGroup>
    <None Include="README.md" />
    <None Include="assets\en-us.tlml">
      <Filter>Resource Files\assets</Filter>
    </None>
    <None Include="assets\langs.tlml">
      <Filter>Resource Files\assets</Filter>
    </None>
    <None Include="TLML.sublime-syntax">
      <Filter>Resource Files\dev</Filter>
    </None>
    <None Include="docs\assets.md">
      <Filter>Resource Files\docs</Filter>
    </None>
    <None Include="docs\localization.md">
      <Filter>Resource Files\docs</Filter>
    </None>
    <None Include="docs\ui-animations.md">
      <Filter>Resource Files\docs</Filter>
    </None>
    <None Include="docs\ui-elements.md">
      <Filter>Resource Files\docs</Filter>
    </None>
    <None Include="docs\ui-system.md">
      <Filter>Resource Files\docs</Filter>
    </None>
    <None Include="docs\ui-text.md">
      <Filter>Resource Files\docs</Filter>
    </None>
    <None Include="include\delegate">
      <Filter>Header Files\templated</Filter>
    </None>
    <None Include="include\pool">
      <Filter>Header Files\templated</Filter>
    </None>
    <None Include="include\refpool">
      <Filter>Header Files\templated</Filter>
    </None>
  </ItemGroup>
  <ItemGroup>
    <ClInclude Include="include\assetload.hpp">
      <Filter>Header Files</Filter>
    </ClInclude>
    <ClInclude Include="include\assets.hpp">
      <Filter>Header Files</Filter>
    </ClInclude>
    <ClInclude Include="include\ui\anim\base.hpp">
      <Filter>Header Files\anim</Filter>
    </ClInclude>
    <ClInclude Include="include\ui\buffer.hpp">
      <Filter>Header Files\ui</Filter>
    </ClInclude>
    <ClInclude Include="include\ui\anim\easing.hpp">
      <Filter>Header Files\anim</Filter>
    </ClInclude>
    <ClInclude Include="include\ui\element.hpp">
      <Filter>Header Files\ui</Filter>
    </ClInclude>
    <ClInclude Include="include\ui\event.hpp">
      <Filter>Header Files\ui</Filter>
    </ClInclude>
    <ClInclude Include="include\ui\layer.hpp">
      <Filter>Header Files\ui</Filter>
    </ClInclude>
    <ClInclude Include="include\ui\anim\linear.hpp">
      <Filter>Header Files\anim</Filter>
    </ClInclude>
    <ClInclude Include="include\ui\panel.hpp">
      <Filter>Header Files\ui</Filter>
    </ClInclude>
    <ClInclude Include="include\ui\solid.hpp">
      <Filter>Header Files\ui</Filter>
    </ClInclude>
    <ClInclude Include="include\ui\text.hpp">
      <Filter>Header Files\ui</Filter>
    </ClInclude>
    <ClInclude Include="include\ui\anim\timer.hpp">
      <Filter>Header Files\anim</Filter>
    </ClInclude>
    <ClInclude Include="include\ui\units.hpp">
      <Filter>Header Files\ui</Filter>
    </ClInclude>
    <ClInclude Include="include\localization\error.hpp">
      <Filter>Header Files\localization</Filter>
    </ClInclude>
    <ClInclude Include="include\localization\parser.hpp">
      <Filter>Header Files\localization</Filter>
    </ClInclude>
    <ClInclude Include="include\localization\token.hpp">
      <Filter>Header Files\localization</Filter>
    </ClInclude>
    <ClInclude Include="include\ui\image.hpp">
      <Filter>Header Files\ui</Filter>
    </ClInclude>
    <ClInclude Include="include\game.hpp">
      <Filter>Header Files</Filter>
    </ClInclude>
    <ClInclude Include="include\ui.hpp">
      <Filter>Header Files</Filter>
    </ClInclude>
    <ClInclude Include="include\game\hex.hpp">
      <Filter>Header Files\game</Filter>
    </ClInclude>
    <ClInclude Include="include\game\troop.hpp">
      <Filter>Header Files\game</Filter>
    </ClInclude>
    <ClInclude Include="include\game\plant.hpp">
      <Filter>Header Files\game</Filter>
    </ClInclude>
    <ClInclude Include="include\game\build.hpp">
      <Filter>Header Files\game</Filter>
    </ClInclude>
    <ClInclude Include="include\game\entity.hpp">
      <Filter>Header Files\game</Filter>
    </ClInclude>
    <ClInclude Include="include\ui\pages.hpp">
      <Filter>Header Files</Filter>
    </ClInclude>
    <ClInclude Include="include\ui\input.hpp">
      <Filter>Header Files\ui</Filter>
    </ClInclude>
    <ClInclude Include="include\game\draw.hpp">
      <Filter>Header Files\game</Filter>
    </ClInclude>
    <ClInclude Include="include\game\values\hex_values.hpp">
      <Filter>Header Files\game\values</Filter>
    </ClInclude>
    <ClInclude Include="include\game\values\plant_values.hpp">
      <Filter>Header Files\game\values</Filter>
    </ClInclude>
    <ClInclude Include="include\game\values\troop_values.hpp">
      <Filter>Header Files\game\values</Filter>
    </ClInclude>
    <ClInclude Include="include\game\values\build_values.hpp">
      <Filter>Header Files\game\values</Filter>
    </ClInclude>
    <ClInclude Include="include\game\values\shared.hpp">
      <Filter>Header Files\game\values</Filter>
    </ClInclude>
    <ClInclude Include="include\game\draw\troop_draw.hpp">
      <Filter>Header Files\game\draw</Filter>
    </ClInclude>
    <ClInclude Include="include\game\draw\build_draw.hpp">
      <Filter>Header Files\game\draw</Filter>
    </ClInclude>
    <ClInclude Include="include\game\draw\hex_draw.hpp">
      <Filter>Header Files\game\draw</Filter>
    </ClInclude>
    <ClInclude Include="include\game\draw\plant_draw.hpp">
      <Filter>Header Files\game\draw</Filter>
    </ClInclude>
    <ClInclude Include="include\ui\drag.hpp">
      <Filter>Header Files\ui</Filter>
    </ClInclude>
    <ClInclude Include="include\ui\window.hpp">
      <Filter>Header Files\ui</Filter>
    </ClInclude>
    <ClInclude Include="include\mathext.hpp">
      <Filter>Header Files</Filter>
    </ClInclude>
    <ClInclude Include="include\ui\camera.hpp">
      <Filter>Header Files\ui</Filter>
    </ClInclude>
    <ClInclude Include="include\game\ui\game_panel.hpp">
      <Filter>Header Files\game\ui</Filter>
    </ClInclude>
    <ClInclude Include="include\game\ui\resource_bar.hpp">
      <Filter>Header Files\game\ui</Filter>
    </ClInclude>
    <ClInclude Include="include\game\game.hpp">
      <Filter>Header Files\game</Filter>
    </ClInclude>
    <ClInclude Include="include\game\ui\action_button.hpp">
      <Filter>Header Files\game\ui</Filter>
    </ClInclude>
    <ClInclude Include="include\game\values\interface.hpp">
      <Filter>Header Files\game\values</Filter>
    </ClInclude>
    <ClInclude Include="include\delegate.hpp">
      <Filter>Header Files</Filter>
    </ClInclude>
    <ClInclude Include="include\templated\delegate.hpp">
      <Filter>Header Files\templated</Filter>
    </ClInclude>
    <ClInclude Include="include\templated\pool.hpp">
      <Filter>Header Files\templated</Filter>
    </ClInclude>
    <ClInclude Include="include\templated\refpool.hpp">
      <Filter>Header Files\templated</Filter>
    </ClInclude>
    <ClInclude Include="include\flags.hpp">
      <Filter>Header Files</Filter>
    </ClInclude>
    <ClInclude Include="include\game\array.hpp">
      <Filter>Header Files\game\map</Filter>
    </ClInclude>
    <ClInclude Include="include\game\map.hpp">
      <Filter>Header Files\game\map</Filter>
    </ClInclude>
    <ClInclude Include="include\game\region.hpp">
      <Filter>Header Files\game\map</Filter>
    </ClInclude>
    <ClInclude Include="include\game\spread.hpp">
      <Filter>Header Files\game\map</Filter>
    </ClInclude>
    <ClInclude Include="include\game\ui\hex_preview.hpp">
      <Filter>Header Files\game\ui</Filter>
    </ClInclude>
    <ClInclude Include="include\game\skill.hpp">
      <Filter>Header Files\game</Filter>
    </ClInclude>
    <ClInclude Include="include\game\values\skill_values.hpp">
      <Filter>Header Files\game\values</Filter>
    </ClInclude>
    <ClInclude Include="include\game\logic\skill_list.hpp">
      <Filter>Header Files\game\logic</Filter>
    </ClInclude>
    <ClInclude Include="include\game\logic\build_logic.hpp">
      <Filter>Header Files\game\logic</Filter>
    </ClInclude>
    <ClInclude Include="include\game\logic\plant_logic.hpp">
      <Filter>Header Files\game\logic</Filter>
    </ClInclude>
    <ClInclude Include="include\game\logic\troop_logic.hpp">
      <Filter>Header Files\game\logic</Filter>
    </ClInclude>
    <ClInclude Include="include\game\logic\skill_helper.hpp">
      <Filter>Header Files\game\logic</Filter>
    </ClInclude>
    <ClInclude Include="include\game\draw\entity_draw.hpp">
      <Filter>Header Files\game\draw</Filter>
    </ClInclude>
    <ClInclude Include="include\game\values\entity_values.hpp">
      <Filter>Header Files\game\values</Filter>
    </ClInclude>
    <ClInclude Include="include\ui\textfield.hpp">
      <Filter>Header Files\ui</Filter>
    </ClInclude>
    <ClInclude Include="include\ui\anim\setter.hpp">
      <Filter>Header Files\anim</Filter>
    </ClInclude>
    <ClInclude Include="include\game\moves\troop_move.hpp">
      <Filter>Header Files\game\moves</Filter>
    </ClInclude>
    <ClInclude Include="include\game\history.hpp">
      <Filter>Header Files\game</Filter>
    </ClInclude>
    <ClInclude Include="include\game\moves\move.hpp">
      <Filter>Header Files\game\moves</Filter>
    </ClInclude>
    <ClInclude Include="include\game\moves\entity_effect.hpp">
      <Filter>Header Files\game\moves</Filter>
    </ClInclude>
    <ClInclude Include="include\game\logic\skill_array.hpp">
      <Filter>Header Files\game\logic</Filter>
    </ClInclude>
    <ClInclude Include="include\game\logic\skill_types.hpp">
      <Filter>Header Files\game\logic</Filter>
    </ClInclude>
    <ClInclude Include="include\game\ui\move_selector.hpp">
      <Filter>Header Files\game\ui</Filter>
    </ClInclude>
    <ClInclude Include="include\ui\button.hpp">
      <Filter>Header Files\ui</Filter>
    </ClInclude>
    <ClInclude Include="include\game\moves.hpp">
      <Filter>Header Files\game</Filter>
    </ClInclude>
    <ClInclude Include="include\game\moves\entity_withdraw.hpp">
      <Filter>Header Files\game\moves</Filter>
    </ClInclude>
    <ClInclude Include="include\dev\dev_panel.hpp">
      <Filter>Header Files\game\dev</Filter>
    </ClInclude>
    <ClInclude Include="include\dev\dev_game.hpp">
      <Filter>Header Files\game\dev</Filter>
    </ClInclude>
    <ClInclude Include="include\dev\dev_move.hpp">
      <Filter>Header Files\game\dev</Filter>
    </ClInclude>
  </ItemGroup>
  <ItemGroup>
    <Image Include="assets\tileset.png">
      <Filter>Resource Files\assets</Filter>
    </Image>
    <Image Include="assets\borders.png">
      <Filter>Resource Files\assets</Filter>
    </Image>
  </ItemGroup>
  <ItemGroup>
    <Font Include="assets\font.ttf">
      <Filter>Resource Files\assets</Filter>
    </Font>
  </ItemGroup>
</Project>