<?xml version="1.0" encoding="utf-8"?>
<Project ToolsVersion="4.0" xmlns="http://schemas.microsoft.com/developer/msbuild/2003">
  <ItemGroup>
    <Filter Include="Source Files">
      <UniqueIdentifier>{4FC737F1-C7A5-4376-A066-2A32D752A2FF}</UniqueIdentifier>
      <Extensions>cpp;c;cc;cxx;c++;cppm;ixx;def;odl;idl;hpj;bat;asm;asmx</Extensions>
    </Filter>
    <Filter Include="Header Files">
      <UniqueIdentifier>{93995380-89BD-4b04-88EB-625FBE52EBFB}</UniqueIdentifier>
      <Extensions>h;hh;hpp;hxx;h++;hm;inl;inc;ipp;xsd</Extensions>
    </Filter>
    <Filter Include="Resource Files">
      <UniqueIdentifier>{67DA6AB6-F800-4c08-8B7A-83BB121AAD01}</UniqueIdentifier>
      <Extensions>rc;ico;cur;bmp;dlg;rc2;rct;bin;rgs;gif;jpg;jpeg;jpe;resx;tiff;tif;png;wav;mfcribbon-ms</Extensions>
    </Filter>
    <Filter Include="Header Files\ui">
      <UniqueIdentifier>{57bdc717-a353-46b9-bf85-26f9f4761d5b}</UniqueIdentifier>
    </Filter>
    <Filter Include="Header Files\anim">
      <UniqueIdentifier>{3b9bc513-d488-48d1-8da3-09e7a19169e4}</UniqueIdentifier>
    </Filter>
    <Filter Include="Header Files\localization">
      <UniqueIdentifier>{f97f5a19-1843-4f8b-9eef-6b1cd3f802ed}</UniqueIdentifier>
    </Filter>
    <Filter Include="Source Files\anim">
      <UniqueIdentifier>{cb9c0a7f-b4ff-4a8b-aa05-206e39245bc2}</UniqueIdentifier>
    </Filter>
    <Filter Include="Source Files\localization">
      <UniqueIdentifier>{8b67e511-034d-4a98-a058-e574b724c7c7}</UniqueIdentifier>
    </Filter>
    <Filter Include="Source Files\ui">
      <UniqueIdentifier>{61e70168-0a35-46bb-bedc-0dcaa937c4d5}</UniqueIdentifier>
    </Filter>
    <Filter Include="Resource Files\assets">
      <UniqueIdentifier>{cc34aa74-3825-49e8-b34d-c4474dd6e368}</UniqueIdentifier>
    </Filter>
    <Filter Include="Resource Files\dev">
      <UniqueIdentifier>{edb587f9-6082-49fe-8e3d-a91817cf7c76}</UniqueIdentifier>
    </Filter>
    <Filter Include="Resource Files\docs">
      <UniqueIdentifier>{81e44df2-1dcb-42ef-afdd-0897aaf1bc17}</UniqueIdentifier>
    </Filter>
    <Filter Include="Header Files\game">
      <UniqueIdentifier>{244e294c-7b55-42d9-b540-42abed72fbc4}</UniqueIdentifier>
    </Filter>
    <Filter Include="Source Files\game">
      <UniqueIdentifier>{c1dfb15e-e0fd-40e4-bf47-f9d9ae0f398b}</UniqueIdentifier>
    </Filter>
    <Filter Include="Header Files\game\values">
      <UniqueIdentifier>{203a0a7b-3e59-4ef4-b792-2b91447fa251}</UniqueIdentifier>
    </Filter>
    <Filter Include="Source Files\game\values">
      <UniqueIdentifier>{332523dd-17f3-4fa1-b6ca-22ca5b4f6f6a}</UniqueIdentifier>
    </Filter>
    <Filter Include="Header Files\game\draw">
      <UniqueIdentifier>{c883f9bc-7acb-4536-941e-a65046d77859}</UniqueIdentifier>
    </Filter>
    <Filter Include="Source Files\game\draw">
      <UniqueIdentifier>{60369e22-b071-45b8-8a0d-eeba03831485}</UniqueIdentifier>
    </Filter>
  </ItemGroup>
  <ItemGroup>
    <ClCompile Include="src\main.cpp">
      <Filter>Source Files</Filter>
    </ClCompile>
    <ClCompile Include="src\assetload.cpp">
      <Filter>Source Files</Filter>
    </ClCompile>
    <ClCompile Include="src\ui\anim\base.cpp">
      <Filter>Source Files\anim</Filter>
    </ClCompile>
    <ClCompile Include="src\ui\anim\easing.cpp">
      <Filter>Source Files\anim</Filter>
    </ClCompile>
    <ClCompile Include="src\ui\buffer.cpp">
      <Filter>Source Files\ui</Filter>
    </ClCompile>
    <ClCompile Include="src\ui\element.cpp">
      <Filter>Source Files\ui</Filter>
    </ClCompile>
    <ClCompile Include="src\ui\layer.cpp">
      <Filter>Source Files\ui</Filter>
    </ClCompile>
    <ClCompile Include="src\ui\panel.cpp">
      <Filter>Source Files\ui</Filter>
    </ClCompile>
    <ClCompile Include="src\ui\solid.cpp">
      <Filter>Source Files\ui</Filter>
    </ClCompile>
    <ClCompile Include="src\ui\text.cpp">
      <Filter>Source Files\ui</Filter>
    </ClCompile>
    <ClCompile Include="src\ui\anim\timer.cpp">
      <Filter>Source Files\anim</Filter>
    </ClCompile>
    <ClCompile Include="src\localization\error.cpp">
      <Filter>Source Files\localization</Filter>
    </ClCompile>
    <ClCompile Include="src\localization\parser.cpp">
      <Filter>Source Files\localization</Filter>
    </ClCompile>
    <ClCompile Include="src\localization\token.cpp">
      <Filter>Source Files\localization</Filter>
    </ClCompile>
    <ClCompile Include="src\ui\units.cpp">
      <Filter>Source Files\ui</Filter>
    </ClCompile>
    <ClCompile Include="src\ui\image.cpp">
      <Filter>Source Files\ui</Filter>
    </ClCompile>
    <ClCompile Include="src\game\hex.cpp">
      <Filter>Source Files\game</Filter>
    </ClCompile>
    <ClCompile Include="src\game\build.cpp">
      <Filter>Source Files\game</Filter>
    </ClCompile>
    <ClCompile Include="src\game\plant.cpp">
      <Filter>Source Files\game</Filter>
    </ClCompile>
    <ClCompile Include="src\game\troop.cpp">
      <Filter>Source Files\game</Filter>
    </ClCompile>
    <ClCompile Include="src\game\map.cpp">
      <Filter>Source Files\game</Filter>
    </ClCompile>
    <ClCompile Include="src\ui\pages.cpp">
      <Filter>Source Files</Filter>
    </ClCompile>
    <ClCompile Include="src\ui\input.cpp">
      <Filter>Source Files\ui</Filter>
    </ClCompile>
    <ClCompile Include="src\assets.cpp">
      <Filter>Source Files</Filter>
    </ClCompile>
    <ClCompile Include="src\game\draw.cpp">
      <Filter>Source Files\game</Filter>
    </ClCompile>
    <ClCompile Include="src\game\values\troop_values.cpp">
      <Filter>Source Files\game\values</Filter>
    </ClCompile>
    <ClCompile Include="src\game\values\build_values.cpp">
      <Filter>Source Files\game\values</Filter>
    </ClCompile>
    <ClCompile Include="src\game\values\hex_values.cpp">
      <Filter>Source Files\game\values</Filter>
    </ClCompile>
    <ClCompile Include="src\game\values\plant_values.cpp">
      <Filter>Source Files\game\values</Filter>
    </ClCompile>
    <ClCompile Include="src\game\values\shared.cpp">
      <Filter>Source Files\game\values</Filter>
    </ClCompile>
    <ClCompile Include="src\game\draw\troop_draw.cpp">
      <Filter>Source Files\game\draw</Filter>
    </ClCompile>
    <ClCompile Include="src\game\draw\build_draw.cpp">
      <Filter>Source Files\game\draw</Filter>
    </ClCompile>
    <ClCompile Include="src\game\draw\hex_draw.cpp">
      <Filter>Source Files\game\draw</Filter>
    </ClCompile>
    <ClCompile Include="src\game\draw\plant_draw.cpp">
      <Filter>Source Files\game\draw</Filter>
    </ClCompile>
    <ClCompile Include="src\ui\drag.cpp">
      <Filter>Source Files\ui</Filter>
    </ClCompile>
    <ClCompile Include="src\ui\window.cpp">
      <Filter>Source Files\ui</Filter>
    </ClCompile>
    <ClCompile Include="src\mathext.cpp">
      <Filter>Source Files</Filter>
    </ClCompile>
  </ItemGroup>
  <ItemGroup>
    <None Include="README.md" />
    <None Include="assets\en-us.tlml">
      <Filter>Resource Files\assets</Filter>
    </None>
    <None Include="assets\langs.tlml">
      <Filter>Resource Files\assets</Filter>
    </None>
    <None Include="TLML.sublime-syntax">
      <Filter>Resource Files\dev</Filter>
    </None>
    <None Include="docs\assets.md">
      <Filter>Resource Files\docs</Filter>
    </None>
    <None Include="docs\localization.md">
      <Filter>Resource Files\docs</Filter>
    </None>
    <None Include="docs\ui-animations.md">
      <Filter>Resource Files\docs</Filter>
    </None>
    <None Include="docs\ui-elements.md">
      <Filter>Resource Files\docs</Filter>
    </None>
    <None Include="docs\ui-system.md">
      <Filter>Resource Files\docs</Filter>
    </None>
    <None Include="docs\ui-text.md">
      <Filter>Resource Files\docs</Filter>
    </None>
  </ItemGroup>
  <ItemGroup>
    <ClInclude Include="include\assetload.hpp">
      <Filter>Header Files</Filter>
    </ClInclude>
    <ClInclude Include="include\assets.hpp">
      <Filter>Header Files</Filter>
    </ClInclude>
    <ClInclude Include="include\ui\anim\base.hpp">
      <Filter>Header Files\anim</Filter>
    </ClInclude>
    <ClInclude Include="include\ui\buffer.hpp">
      <Filter>Header Files\ui</Filter>
    </ClInclude>
    <ClInclude Include="include\ui\anim\easing.hpp">
      <Filter>Header Files\anim</Filter>
    </ClInclude>
    <ClInclude Include="include\ui\element.hpp">
      <Filter>Header Files\ui</Filter>
    </ClInclude>
    <ClInclude Include="include\ui\event.hpp">
      <Filter>Header Files\ui</Filter>
    </ClInclude>
    <ClInclude Include="include\ui\layer.hpp">
      <Filter>Header Files\ui</Filter>
    </ClInclude>
    <ClInclude Include="include\ui\anim\linear.hpp">
      <Filter>Header Files\anim</Filter>
    </ClInclude>
    <ClInclude Include="include\ui\panel.hpp">
      <Filter>Header Files\ui</Filter>
    </ClInclude>
    <ClInclude Include="include\ui\solid.hpp">
      <Filter>Header Files\ui</Filter>
    </ClInclude>
    <ClInclude Include="include\ui\text.hpp">
      <Filter>Header Files\ui</Filter>
    </ClInclude>
    <ClInclude Include="include\ui\anim\timer.hpp">
      <Filter>Header Files\anim</Filter>
    </ClInclude>
    <ClInclude Include="include\ui\units.hpp">
      <Filter>Header Files\ui</Filter>
    </ClInclude>
    <ClInclude Include="include\localization\error.hpp">
      <Filter>Header Files\localization</Filter>
    </ClInclude>
    <ClInclude Include="include\localization\parser.hpp">
      <Filter>Header Files\localization</Filter>
    </ClInclude>
    <ClInclude Include="include\localization\token.hpp">
      <Filter>Header Files\localization</Filter>
    </ClInclude>
    <ClInclude Include="include\ui\image.hpp">
      <Filter>Header Files\ui</Filter>
    </ClInclude>
    <ClInclude Include="include\game.hpp">
      <Filter>Header Files</Filter>
    </ClInclude>
    <ClInclude Include="include\ui.hpp">
      <Filter>Header Files</Filter>
    </ClInclude>
    <ClInclude Include="include\game\hex.hpp">
      <Filter>Header Files\game</Filter>
    </ClInclude>
    <ClInclude Include="include\game\troop.hpp">
      <Filter>Header Files\game</Filter>
    </ClInclude>
    <ClInclude Include="include\game\plant.hpp">
      <Filter>Header Files\game</Filter>
    </ClInclude>
    <ClInclude Include="include\game\build.hpp">
      <Filter>Header Files\game</Filter>
    </ClInclude>
    <ClInclude Include="include\game\entity.hpp">
      <Filter>Header Files\game</Filter>
    </ClInclude>
    <ClInclude Include="include\game\map.hpp">
      <Filter>Header Files\game</Filter>
    </ClInclude>
    <ClInclude Include="include\ui\pages.hpp">
      <Filter>Header Files</Filter>
    </ClInclude>
    <ClInclude Include="include\ui\input.hpp">
      <Filter>Header Files\ui</Filter>
    </ClInclude>
    <ClInclude Include="include\game\draw.hpp">
      <Filter>Header Files\game</Filter>
    </ClInclude>
    <ClInclude Include="include\game\values\hex_values.hpp">
      <Filter>Header Files\game\values</Filter>
    </ClInclude>
    <ClInclude Include="include\game\values\plant_values.hpp">
      <Filter>Header Files\game\values</Filter>
    </ClInclude>
    <ClInclude Include="include\game\values\troop_values.hpp">
      <Filter>Header Files\game\values</Filter>
    </ClInclude>
    <ClInclude Include="include\game\values\build_values.hpp">
      <Filter>Header Files\game\values</Filter>
    </ClInclude>
    <ClInclude Include="include\game\values\shared.hpp">
      <Filter>Header Files\game\values</Filter>
    </ClInclude>
    <ClInclude Include="include\game\draw\troop_draw.hpp">
      <Filter>Header Files\game\draw</Filter>
    </ClInclude>
    <ClInclude Include="include\game\draw\build_draw.hpp">
      <Filter>Header Files\game\draw</Filter>
    </ClInclude>
    <ClInclude Include="include\game\draw\hex_draw.hpp">
      <Filter>Header Files\game\draw</Filter>
    </ClInclude>
    <ClInclude Include="include\game\draw\plant_draw.hpp">
      <Filter>Header Files\game\draw</Filter>
    </ClInclude>
    <ClInclude Include="include\ui\drag.hpp">
      <Filter>Header Files\ui</Filter>
    </ClInclude>
    <ClInclude Include="include\ui\window.hpp">
      <Filter>Header Files\ui</Filter>
    </ClInclude>
    <ClInclude Include="include\mathext.hpp">
      <Filter>Header Files</Filter>
    </ClInclude>
  </ItemGroup>
  <ItemGroup>
    <Image Include="assets\tileset.png">
      <Filter>Resource Files\assets</Filter>
    </Image>
    <Image Include="assets\borders.png">
      <Filter>Resource Files\assets</Filter>
    </Image>
  </ItemGroup>
  <ItemGroup>
    <Font Include="assets\font.ttf">
      <Filter>Resource Files\assets</Filter>
    </Font>
  </ItemGroup>
</Project>