<?xml version="1.0" encoding="utf-8"?>
<Project ToolsVersion="4.0" xmlns="http://schemas.microsoft.com/developer/msbuild/2003">
  <ItemGroup>
    <Filter Include="Source Files">
      <UniqueIdentifier>{4FC737F1-C7A5-4376-A066-2A32D752A2FF}</UniqueIdentifier>
      <Extensions>cpp;c;cc;cxx;c++;cppm;ixx;def;odl;idl;hpj;bat;asm;asmx</Extensions>
    </Filter>
    <Filter Include="Header Files">
      <UniqueIdentifier>{93995380-89BD-4b04-88EB-625FBE52EBFB}</UniqueIdentifier>
      <Extensions>h;hh;hpp;hxx;h++;hm;inl;inc;ipp;xsd</Extensions>
    </Filter>
    <Filter Include="Resource Files">
      <UniqueIdentifier>{67DA6AB6-F800-4c08-8B7A-83BB121AAD01}</UniqueIdentifier>
      <Extensions>rc;ico;cur;bmp;dlg;rc2;rct;bin;rgs;gif;jpg;jpeg;jpe;resx;tiff;tif;png;wav;mfcribbon-ms</Extensions>
    </Filter>
  </ItemGroup>
  <ItemGroup>
    <ClCompile Include="src\main.cpp">
      <Filter>Source Files</Filter>
    </ClCompile>
    <ClCompile Include="src\ui\buffer.cpp">
      <Filter>Source Files</Filter>
    </ClCompile>
    <ClCompile Include="src\ui\element.cpp">
      <Filter>Source Files</Filter>
    </ClCompile>
    <ClCompile Include="src\ui\event.cpp">
      <Filter>Source Files</Filter>
    </ClCompile>
    <ClCompile Include="src\ui\layer.cpp">
      <Filter>Source Files</Filter>
    </ClCompile>
    <ClCompile Include="src\ui\panel.cpp">
      <Filter>Source Files</Filter>
    </ClCompile>
    <ClCompile Include="src\ui\units.cpp">
      <Filter>Source Files</Filter>
    </ClCompile>
    <ClCompile Include="src\ui\solid.cpp">
      <Filter>Source Files</Filter>
    </ClCompile>
    <ClCompile Include="src\ui\anim\base.cpp">
      <Filter>Source Files</Filter>
    </ClCompile>
    <ClCompile Include="src\ui\anim\easing.cpp">
      <Filter>Source Files</Filter>
    </ClCompile>
    <ClCompile Include="src\ui\anim\timer.cpp">
      <Filter>Source Files</Filter>
    </ClCompile>
    <ClCompile Include="src\localization\token.cpp">
      <Filter>Source Files</Filter>
    </ClCompile>
    <ClCompile Include="src\localization\parser.cpp">
      <Filter>Source Files</Filter>
    </ClCompile>
    <ClCompile Include="src\localization\error.cpp">
      <Filter>Source Files</Filter>
    </ClCompile>
    <ClCompile Include="src\ui\text.cpp">
      <Filter>Source Files</Filter>
    </ClCompile>
  </ItemGroup>
  <ItemGroup>
    <None Include="README.md" />
    <None Include="TLML.sublime-syntax">
      <Filter>Resource Files</Filter>
    </None>
    <None Include="assets\en-us.tlml">
      <Filter>Resource Files</Filter>
    </None>
  </ItemGroup>
  <ItemGroup>
    <ClInclude Include="include\ui\buffer.hpp">
      <Filter>Header Files</Filter>
    </ClInclude>
    <ClInclude Include="include\ui\element.hpp">
      <Filter>Header Files</Filter>
    </ClInclude>
    <ClInclude Include="include\ui\event.hpp">
      <Filter>Header Files</Filter>
    </ClInclude>
    <ClInclude Include="include\ui\layer.hpp">
      <Filter>Header Files</Filter>
    </ClInclude>
    <ClInclude Include="include\ui\panel.hpp">
      <Filter>Header Files</Filter>
    </ClInclude>
    <ClInclude Include="include\ui\units.hpp">
      <Filter>Header Files</Filter>
    </ClInclude>
    <ClInclude Include="include\ui\solid.hpp">
      <Filter>Header Files</Filter>
    </ClInclude>
    <ClInclude Include="include\ui\anim\base.hpp">
      <Filter>Header Files</Filter>
    </ClInclude>
    <ClInclude Include="include\ui\anim\easing.hpp">
      <Filter>Header Files</Filter>
    </ClInclude>
    <ClInclude Include="include\ui\anim\linear.hpp">
      <Filter>Header Files</Filter>
    </ClInclude>
    <ClInclude Include="include\ui\anim\timer.hpp">
      <Filter>Header Files</Filter>
    </ClInclude>
    <ClInclude Include="include\localization\parser.hpp">
      <Filter>Header Files</Filter>
    </ClInclude>
    <ClInclude Include="include\localization\token.hpp">
      <Filter>Header Files</Filter>
    </ClInclude>
    <ClInclude Include="include\localization\error.hpp">
      <Filter>Header Files</Filter>
    </ClInclude>
    <ClInclude Include="include\ui\text.hpp">
      <Filter>Header Files</Filter>
    </ClInclude>
  </ItemGroup>
</Project>